
Microsoft Visual Studio Solution File, Format Version 12.00
# Visual Studio 14
VisualStudioVersion = 14.0.25123.0
MinimumVisualStudioVersion = 10.0.40219.1
Project("{F2A71F9B-5D33-465A-A702-920D77279786}") = "Vacuum", "Vacuum\Vacuum.fsproj", "{C41A92B8-6E18-4E29-B3DE-849E1EA1AD46}"
EndProject
Project("{2150E333-8FDC-42A3-9474-1A3956D46DE8}") = "Solution Items", "Solution Items", "{4C2F9A04-4AE3-47CE-BE00-7801D562F417}"
	ProjectSection(SolutionItems) = preProject
		.editorconfig = .editorconfig
		.gitignore = .gitignore
		LICENSE.md = LICENSE.md
		README.md = README.md
		CHANGELOG.md = CHANGELOG.md
		MAINTAINERSHIP.md = MAINTAINERSHIP.md
	EndProjectSection
EndProject
Project("{F2A71F9B-5D33-465A-A702-920D77279786}") = "Vacuum.Tests", "Vacuum.Tests\Vacuum.Tests.fsproj", "{0DB311D7-6FB9-4388-A646-42ACEF2D9B24}"
EndProject
Project("{2150E333-8FDC-42A3-9474-1A3956D46DE8}") = ".github", ".github", "{CA13CDAB-5823-4EDB-AC88-570587A1F125}"
EndProject
Project("{2150E333-8FDC-42A3-9474-1A3956D46DE8}") = "workflows", "workflows", "{1FC25581-B0B7-413C-A66D-2921AE761064}"
ProjectSection(SolutionItems) = preProject
	.github\workflows\main.yml = .github\workflows\main.yml
	.github\workflows\release.yml = .github\workflows\release.yml
EndProjectSection
EndProject
Global
	GlobalSection(SolutionConfigurationPlatforms) = preSolution
		Debug|Any CPU = Debug|Any CPU
		Release|Any CPU = Release|Any CPU
	EndGlobalSection
	GlobalSection(ProjectConfigurationPlatforms) = postSolution
		{C41A92B8-6E18-4E29-B3DE-849E1EA1AD46}.Debug|Any CPU.ActiveCfg = Debug|Any CPU
		{C41A92B8-6E18-4E29-B3DE-849E1EA1AD46}.Debug|Any CPU.Build.0 = Debug|Any CPU
		{C41A92B8-6E18-4E29-B3DE-849E1EA1AD46}.Release|Any CPU.ActiveCfg = Release|Any CPU
		{C41A92B8-6E18-4E29-B3DE-849E1EA1AD46}.Release|Any CPU.Build.0 = Release|Any CPU
		{0DB311D7-6FB9-4388-A646-42ACEF2D9B24}.Debug|Any CPU.ActiveCfg = Debug|Any CPU
		{0DB311D7-6FB9-4388-A646-42ACEF2D9B24}.Debug|Any CPU.Build.0 = Debug|Any CPU
		{0DB311D7-6FB9-4388-A646-42ACEF2D9B24}.Release|Any CPU.ActiveCfg = Release|Any CPU
		{0DB311D7-6FB9-4388-A646-42ACEF2D9B24}.Release|Any CPU.Build.0 = Release|Any CPU
	EndGlobalSection
	GlobalSection(SolutionProperties) = preSolution
		HideSolutionNode = FALSE
	EndGlobalSection
	GlobalSection(NestedProjects) = preSolution
		{1FC25581-B0B7-413C-A66D-2921AE761064} = {CA13CDAB-5823-4EDB-AC88-570587A1F125}
	EndGlobalSection
EndGlobal
